
Microsoft Visual Studio Solution File, Format Version 12.00
# Visual Studio Version 17
VisualStudioVersion = 17.14.37314.3 d17.14
MinimumVisualStudioVersion = 10.0.40219.1
Project("{FAE04EC0-301F-11D3-BF4B-00C04F79EFBC}") = "CopilotTokenTracker", "CopilotTokenTracker.csproj", "{5D9B1710-042A-4BE6-B868-2CAC24B1ADD1}"
EndProject
Global
	GlobalSection(SolutionConfigurationPlatforms) = preSolution
		Debug|Any CPU = Debug|Any CPU
		Release|Any CPU = Release|Any CPU
	EndGlobalSection
	GlobalSection(ProjectConfigurationPlatforms) = postSolution
		{5D9B1710-042A-4BE6-B868-2CAC24B1ADD1}.Debug|Any CPU.ActiveCfg = Debug|Any CPU
		{5D9B1710-042A-4BE6-B868-2CAC24B1ADD1}.Debug|Any CPU.Build.0 = Debug|Any CPU
		{5D9B1710-042A-4BE6-B868-2CAC24B1ADD1}.Release|Any CPU.ActiveCfg = Release|Any CPU
		{5D9B1710-042A-4BE6-B868-2CAC24B1ADD1}.Release|Any CPU.Build.0 = Release|Any CPU
	EndGlobalSection
	GlobalSection(SolutionProperties) = preSolution
		HideSolutionNode = FALSE
	EndGlobalSection
	GlobalSection(ExtensibilityGlobals) = postSolution
		SolutionGuid = {8E9CA806-0CB1-4C1A-9194-643B27E7DDB3}
	EndGlobalSection
EndGlobal
